schema: '2.0'
stages:
  prepare:
    cmd: python -m code.datasets.prepare --config params.yaml
    deps:
    - path: code/common.py
      hash: md5
      md5: 9333a1d5bda05daf0c9f012cca672b32
      size: 2848
    - path: code/datasets/prepare.py
      hash: md5
      md5: 29fe2cf70410b3fda4dbbcee8281e241
      size: 3222
    - path: data/raw/steam_games.csv
      hash: md5
      md5: f8ee28188f71fb1b592b532f5a81b8d2
      size: 40209054
    params:
      params.yaml:
        data:
          raw_path: data/raw/steam_games.csv
          train_path: data/processed/train.csv
          test_path: data/processed/test.csv
          test_size: 0.2
          random_state: 42
          min_reviews: 100
          min_positive_ratio: 0.8
          max_price_quantile: 0.995
    outs:
    - path: data/processed/test.csv
      hash: md5
      md5: 51d5834c2153bdb416e32b00914e4ec8
      size: 6597875
    - path: data/processed/train.csv
      hash: md5
      md5: 327d7580e2f0202f1eb66bc0ddb6cd7b
      size: 26360835
  train:
    cmd: python -m code.models.train --config params.yaml
    deps:
    - path: code/common.py
      hash: md5
      md5: 9333a1d5bda05daf0c9f012cca672b32
      size: 2848
    - path: code/models/train.py
      hash: md5
      md5: 99eb8298004b79091bfbc98d317d3454
      size: 5794
    - path: data/processed/test.csv
      hash: md5
      md5: 51d5834c2153bdb416e32b00914e4ec8
      size: 6597875
    - path: data/processed/train.csv
      hash: md5
      md5: 327d7580e2f0202f1eb66bc0ddb6cd7b
      size: 26360835
    params:
      params.yaml:
        data.min_positive_ratio: 0.8
        data.min_reviews: 100
        mlflow:
          tracking_uri: mlruns
          experiment_name: steam-prelaunch-success
        model:
          artifact_path: models/steam_success_model.joblib
          metrics_path: models/metrics.json
          max_text_features: 12000
          min_df: 2
          n_estimators: 500
          learning_rate: 0.05
          num_leaves: 31
          min_child_samples: 30
          subsample: 0.85
          colsample_bytree: 0.8
          reg_lambda: 1.0
    outs:
    - path: models/metrics.json
      hash: md5
      md5: ca341c573e923449bf57a355c948e6cb
      size: 422
    - path: models/steam_success_model.joblib
      hash: md5
      md5: 71d63d60b2469d7500665b6ac53318cc
      size: 7662486
