schema: '2.0'
stages:
  prepare:
    cmd: python -m code.datasets.prepare --config params.yaml
    deps:
    - path: code/common.py
      hash: md5
      md5: 93b212c98173876862503955d5470e4f
      size: 2682
    - path: code/datasets/prepare.py
      hash: md5
      md5: 0378c7e3acc9daf20ad4d7dd438348e0
      size: 3294
    - path: data/raw/steam_games.csv
      hash: md5
      md5: f8ee28188f71fb1b592b532f5a81b8d2
      size: 40209054
    params:
      params.yaml:
        data:
          raw_path: data/raw/steam_games.csv
          train_path: data/processed/train.csv
          test_path: data/processed/test.csv
          test_size: 0.2
          random_state: 42
          min_reviews: 100
          min_positive_ratio: 0.8
          max_price_quantile: 0.995
    outs:
    - path: data/processed/test.csv
      hash: md5
      md5: 51d5834c2153bdb416e32b00914e4ec8
      size: 6597875
    - path: data/processed/train.csv
      hash: md5
      md5: 327d7580e2f0202f1eb66bc0ddb6cd7b
      size: 26360835
  train:
    cmd: python -m code.models.train --config params.yaml
    deps:
    - path: code/common.py
      hash: md5
      md5: 93b212c98173876862503955d5470e4f
      size: 2682
    - path: code/models/train.py
      hash: md5
      md5: 99eb8298004b79091bfbc98d317d3454
      size: 5794
    - path: data/processed/test.csv
      hash: md5
      md5: 51d5834c2153bdb416e32b00914e4ec8
      size: 6597875
    - path: data/processed/train.csv
      hash: md5
      md5: 327d7580e2f0202f1eb66bc0ddb6cd7b
      size: 26360835
    params:
      params.yaml:
        data.min_positive_ratio: 0.8
        data.min_reviews: 100
        mlflow:
          tracking_uri: mlruns
          experiment_name: steam-prelaunch-success
        model:
          artifact_path: models/steam_success_model.joblib
          metrics_path: models/metrics.json
          max_text_features: 12000
          min_df: 2
          n_estimators: 500
          learning_rate: 0.05
          num_leaves: 31
          min_child_samples: 30
          subsample: 0.85
          colsample_bytree: 0.8
          reg_lambda: 1.0
    outs:
    - path: models/metrics.json
      hash: md5
      md5: ec9b6d4cc0483b9ac84c18228f429762
      size: 433
    - path: models/steam_success_model.joblib
      hash: md5
      md5: feecca78894923f6059f06dd7c5527c6
      size: 7355636
